
Microsoft Visual Studio Solution File, Format Version 12.00
# Visual Studio Version 16
VisualStudioVersion = 16.0.28803.156
MinimumVisualStudioVersion = 10.0.40219.1
Project("{FAE04EC0-301F-11D3-BF4B-00C04F79EFBC}") = "WebApp", "WebApp\WebApp.csproj", "{CC4935F5-1AB9-46DB-B6D1-8D789DD1831D}"
EndProject
Project("{FAE04EC0-301F-11D3-BF4B-00C04F79EFBC}") = "FormForCreatingValues", "FormForCreatingValues\FormForCreatingValues.csproj", "{4432F60B-6FE4-4716-B68C-EACC3912F5FD}"
EndProject
Project("{FAE04EC0-301F-11D3-BF4B-00C04F79EFBC}") = "Test", "Test\Test.csproj", "{CED84950-F692-4D11-A9B2-65E858F621D8}"
EndProject
Global
	GlobalSection(SolutionConfigurationPlatforms) = preSolution
		Debug|Any CPU = Debug|Any CPU
		Release|Any CPU = Release|Any CPU
	EndGlobalSection
	GlobalSection(ProjectConfigurationPlatforms) = postSolution
		{CC4935F5-1AB9-46DB-B6D1-8D789DD1831D}.Debug|Any CPU.ActiveCfg = Debug|Any CPU
		{CC4935F5-1AB9-46DB-B6D1-8D789DD1831D}.Debug|Any CPU.Build.0 = Debug|Any CPU
		{CC4935F5-1AB9-46DB-B6D1-8D789DD1831D}.Release|Any CPU.ActiveCfg = Release|Any CPU
		{CC4935F5-1AB9-46DB-B6D1-8D789DD1831D}.Release|Any CPU.Build.0 = Release|Any CPU
		{4432F60B-6FE4-4716-B68C-EACC3912F5FD}.Debug|Any CPU.ActiveCfg = Debug|Any CPU
		{4432F60B-6FE4-4716-B68C-EACC3912F5FD}.Debug|Any CPU.Build.0 = Debug|Any CPU
		{4432F60B-6FE4-4716-B68C-EACC3912F5FD}.Release|Any CPU.ActiveCfg = Release|Any CPU
		{4432F60B-6FE4-4716-B68C-EACC3912F5FD}.Release|Any CPU.Build.0 = Release|Any CPU
		{CED84950-F692-4D11-A9B2-65E858F621D8}.Debug|Any CPU.ActiveCfg = Debug|Any CPU
		{CED84950-F692-4D11-A9B2-65E858F621D8}.Debug|Any CPU.Build.0 = Debug|Any CPU
		{CED84950-F692-4D11-A9B2-65E858F621D8}.Release|Any CPU.ActiveCfg = Release|Any CPU
		{CED84950-F692-4D11-A9B2-65E858F621D8}.Release|Any CPU.Build.0 = Release|Any CPU
	EndGlobalSection
	GlobalSection(SolutionProperties) = preSolution
		HideSolutionNode = FALSE
	EndGlobalSection
	GlobalSection(ExtensibilityGlobals) = postSolution
		SolutionGuid = {C063F2C0-07E2-4BFC-B3B3-6A37F3B3769C}
	EndGlobalSection
EndGlobal
